{
  "pins" : [
    {
      "identity" : "googlemaps-sp",
      "kind" : "remoteSourceControl",
      "location" : "https://github.com/YAtechnologies/GoogleMaps-SP",
      "state" : {
        "revision" : "e04aaecc8be5d709714d30286a13458581f3ee92",
        "version" : "5.2.0"
      }
    }
  ],
  "version" : 2
}
